<?xml version="1.0" encoding="utf-8"?>
<Project ToolsVersion="4.0" xmlns="http://schemas.microsoft.com/developer/msbuild/2003">
  <ItemGroup>
    <Filter Include="Resource Files">
      <UniqueIdentifier>{67DA6AB6-F800-4c08-8B7A-83BB121AAD01}</UniqueIdentifier>
      <Extensions>rc;ico;cur;bmp;dlg;rc2;rct;bin;rgs;gif;jpg;jpeg;jpe;resx;tiff;tif;png;wav;mfcribbon-ms</Extensions>
    </Filter>
    <Filter Include="Utils">
      <UniqueIdentifier>{b7d09a17-4859-401c-9fa6-0ff22cdb6f42}</UniqueIdentifier>
    </Filter>
    <Filter Include="Utils\Timer">
      <UniqueIdentifier>{62096d93-51ff-4b9c-b12a-e0c5c8601538}</UniqueIdentifier>
    </Filter>
    <Filter Include="Shaders">
      <UniqueIdentifier>{a09a2012-875f-477e-be8b-ea2ea5412d2c}</UniqueIdentifier>
    </Filter>
    <Filter Include="Shaders\Math">
      <UniqueIdentifier>{0003d720-bdab-4e52-a7ec-6a773727e752}</UniqueIdentifier>
    </Filter>
    <Filter Include="Shaders\Shade">
      <UniqueIdentifier>{6a55534a-91bb-40ef-9c93-b45a88814d89}</UniqueIdentifier>
    </Filter>
    <Filter Include="Shaders\SDF">
      <UniqueIdentifier>{f25ad3aa-cd44-41ba-9702-90058e56d4e1}</UniqueIdentifier>
    </Filter>
    <Filter Include="Octree">
      <UniqueIdentifier>{0612a355-d0fb-4558-82bd-2239ab329007}</UniqueIdentifier>
    </Filter>
    <Filter Include="Shaders\Octree">
      <UniqueIdentifier>{33277c6b-bd53-4282-bb2f-2c87033d24bb}</UniqueIdentifier>
    </Filter>
    <Filter Include="Math">
      <UniqueIdentifier>{9ef9cf6b-d3be-44a9-90d3-9029323210cf}</UniqueIdentifier>
    </Filter>
    <Filter Include="Eigen">
      <UniqueIdentifier>{46e01e3c-7178-4cbb-8338-02088952746e}</UniqueIdentifier>
    </Filter>
    <Filter Include="SDF">
      <UniqueIdentifier>{4f7b6ae6-f110-4ebf-a1fa-341390bbee72}</UniqueIdentifier>
    </Filter>
    <Filter Include="Shaders\Evaluate">
      <UniqueIdentifier>{287b4e09-7470-4eb5-ab59-054ce40fda32}</UniqueIdentifier>
    </Filter>
    <Filter Include="Shaders\Primitives">
      <UniqueIdentifier>{54faa33e-7907-42d6-b9ef-454c9ab40934}</UniqueIdentifier>
    </Filter>
    <Filter Include="Shaders\SDF\SDFScenes">
      <UniqueIdentifier>{1610f35d-cecc-4a3f-b5d0-71f42ac393dd}</UniqueIdentifier>
    </Filter>
  </ItemGroup>
  <ItemGroup>
    <ClCompile Include="main.cpp" />
    <ClCompile Include="App.cpp" />
    <ClCompile Include="Utils\gpuTimer.cpp">
      <Filter>Utils\Timer</Filter>
    </ClCompile>
    <ClCompile Include="Math\Polynomial.cpp">
      <Filter>Math</Filter>
    </ClCompile>
    <ClCompile Include="Math\QuadratureEvaluator.cpp">
      <Filter>Math</Filter>
    </ClCompile>
    <ClCompile Include="Octree\SaveableOctree.cpp">
      <Filter>Octree</Filter>
    </ClCompile>
  </ItemGroup>
  <ItemGroup>
    <ClInclude Include="App.h" />
    <ClInclude Include="Utils\PerformanceTest.h">
      <Filter>Utils\Timer</Filter>
    </ClInclude>
    <ClInclude Include="Utils\gpuTimer.h">
      <Filter>Utils\Timer</Filter>
    </ClInclude>
    <ClInclude Include="Octree\octree.h">
      <Filter>Octree</Filter>
    </ClInclude>
    <ClInclude Include="vector3d.h" />
    <ClInclude Include="Structures.h" />
    <ClInclude Include="Octree\octreeBranch.hpp">
      <Filter>Octree</Filter>
    </ClInclude>
    <ClInclude Include="Octree\octreeLeaf.hpp">
      <Filter>Octree</Filter>
    </ClInclude>
    <ClInclude Include="Octree\octreeNode.hpp">
      <Filter>Octree</Filter>
    </ClInclude>
    <ClInclude Include="Octree\octreePack.hpp">
      <Filter>Octree</Filter>
    </ClInclude>
    <ClInclude Include="Octree\octreePrint.hpp">
      <Filter>Octree</Filter>
    </ClInclude>
    <ClInclude Include="Math\Polynomial.h">
      <Filter>Math</Filter>
    </ClInclude>
    <ClInclude Include="Math\QuadratureEvaluator.h">
      <Filter>Math</Filter>
    </ClInclude>
    <ClInclude Include="Octree\octreeGenerator.h">
      <Filter>Octree</Filter>
    </ClInclude>
    <ClInclude Include="Math\GaussPolynomialGenerator.h">
      <Filter>Math</Filter>
    </ClInclude>
    <ClInclude Include="Math\PolynomialGenerator.h">
      <Filter>Math</Filter>
    </ClInclude>
    <ClInclude Include="Math\LSQPolyGenerator.h">
      <Filter>Math</Filter>
    </ClInclude>
    <ClInclude Include="SDF\SDFBase.h">
      <Filter>SDF</Filter>
    </ClInclude>
    <ClInclude Include="SDF\SDFTorus.h">
      <Filter>SDF</Filter>
    </ClInclude>
    <ClInclude Include="SDF\SDFHeader.h">
      <Filter>SDF</Filter>
    </ClInclude>
    <ClInclude Include="SDF\SDFSphere.h">
      <Filter>SDF</Filter>
    </ClInclude>
    <ClInclude Include="SDF\SDFPlane.h">
      <Filter>SDF</Filter>
    </ClInclude>
    <ClInclude Include="SDF\SDFModel1.h">
      <Filter>SDF</Filter>
    </ClInclude>
    <ClInclude Include="SDF\SDFPrimitives.h">
      <Filter>SDF</Filter>
    </ClInclude>
    <ClInclude Include="SDF\SDFCube.h">
      <Filter>SDF</Filter>
    </ClInclude>
    <ClInclude Include="Octree\SaveableOctree.h">
      <Filter>Octree</Filter>
    </ClInclude>
    <ClInclude Include="Math\PolynomialBases.h">
      <Filter>Math</Filter>
    </ClInclude>
    <ClInclude Include="SDF\SDFHeatmapVisualizer.h">
      <Filter>SDF</Filter>
    </ClInclude>
    <ClInclude Include="constants.h" />
    <ClInclude Include="Utils\Lazy.hpp">
      <Filter>Utils</Filter>
    </ClInclude>
    <ClInclude Include="Utils\FileSelector.h">
      <Filter>Utils</Filter>
    </ClInclude>
    <ClInclude Include="SDF\SDFModel3.h">
      <Filter>SDF</Filter>
    </ClInclude>
    <ClInclude Include="Math\IntegralEvaluator.h">
      <Filter>Math</Filter>
    </ClInclude>
    <ClInclude Include="Math\AverageIntegralEvaluator.h">
      <Filter>Math</Filter>
    </ClInclude>
    <ClInclude Include="ChebyshevIntegralEvaluator.h">
      <Filter>Math</Filter>
    </ClInclude>
  </ItemGroup>
  <ItemGroup>
    <None Include="Shaders\main_cube.glsl">
      <Filter>Shaders</Filter>
    </None>
    <None Include="Shaders\mesh.frag">
      <Filter>Shaders</Filter>
    </None>
    <None Include="Shaders\mesh.vert">
      <Filter>Shaders</Filter>
    </None>
    <None Include="Shaders\render_main.frag">
      <Filter>Shaders</Filter>
    </None>
    <None Include="Shaders\cube.frag">
      <Filter>Shaders</Filter>
    </None>
    <None Include="Shaders\cube.vert">
      <Filter>Shaders</Filter>
    </None>
    <None Include="Shaders\cube_solid.vert">
      <Filter>Shaders</Filter>
    </None>
    <None Include="Shaders\flatMesh.geom">
      <Filter>Shaders</Filter>
    </None>
    <None Include="Shaders\Math\box_plane_intersection.glsl">
      <Filter>Shaders\Math</Filter>
    </None>
    <None Include="Shaders\Math\box_ray_intersection.glsl">
      <Filter>Shaders\Math</Filter>
    </None>
    <None Include="Shaders\Math\sphere_ray_intersection.glsl">
      <Filter>Shaders\Math</Filter>
    </None>
    <None Include="Shaders\Shade\brdf.glsl">
      <Filter>Shaders\Shade</Filter>
    </None>
    <None Include="Shaders\Shade\basic_shade.glsl">
      <Filter>Shaders\Shade</Filter>
    </None>
    <None Include="Shaders\common.glsl">
      <Filter>Shaders</Filter>
    </None>
    <None Include="Shaders\Shade\ambient_occlusion.glsl">
      <Filter>Shaders\Shade</Filter>
    </None>
    <None Include="Shaders\sdf.glsl">
      <Filter>Shaders</Filter>
    </None>
    <None Include="Shaders\uniforms.glsl">
      <Filter>Shaders</Filter>
    </None>
    <None Include="Shaders\SDFScenes\sdf_3.glsl">
      <Filter>Shaders\SDF\SDFScenes</Filter>
    </None>
    <None Include="Shaders\SDFScenes\sdf_4.glsl">
      <Filter>Shaders\SDF\SDFScenes</Filter>
    </None>
    <None Include="Shaders\SDFScenes\sdf_5.glsl">
      <Filter>Shaders\SDF\SDFScenes</Filter>
    </None>
    <None Include="Shaders\SDFScenes\sdf_6.glsl">
      <Filter>Shaders\SDF\SDFScenes</Filter>
    </None>
    <None Include="Shaders\SDFScenes\sdf_7.glsl">
      <Filter>Shaders\SDF\SDFScenes</Filter>
    </None>
    <None Include="Shaders\SDFScenes\sdf_8.glsl">
      <Filter>Shaders\SDF\SDFScenes</Filter>
    </None>
    <None Include="Shaders\SDFScenes\sdf_9.glsl">
      <Filter>Shaders\SDF\SDFScenes</Filter>
    </None>
    <None Include="Shaders\SDFScenes\sphere.glsl">
      <Filter>Shaders\SDF\SDFScenes</Filter>
    </None>
    <None Include="Shaders\SDFScenes\temple.glsl">
      <Filter>Shaders\SDF\SDFScenes</Filter>
    </None>
    <None Include="Shaders\SDFScenes\torus.glsl">
      <Filter>Shaders\SDF\SDFScenes</Filter>
    </None>
    <None Include="Shaders\SDFScenes\torus_pipes.glsl">
      <Filter>Shaders\SDF\SDFScenes</Filter>
    </None>
    <None Include="Shaders\SDFScenes\cube.glsl">
      <Filter>Shaders\SDF\SDFScenes</Filter>
    </None>
    <None Include="Shaders\SDFScenes\cuboids.glsl">
      <Filter>Shaders\SDF\SDFScenes</Filter>
    </None>
    <None Include="Shaders\SDFScenes\Mandelbulb.glsl">
      <Filter>Shaders\SDF\SDFScenes</Filter>
    </None>
    <None Include="Shaders\SDFScenes\sdf_0.glsl">
      <Filter>Shaders\SDF\SDFScenes</Filter>
    </None>
    <None Include="Shaders\SDFScenes\sdf_1.glsl">
      <Filter>Shaders\SDF\SDFScenes</Filter>
    </None>
    <None Include="Shaders\SDFScenes\sdf_2.glsl">
      <Filter>Shaders\SDF\SDFScenes</Filter>
    </None>
    <None Include="Shaders\Math\primitives.glsl">
      <Filter>Shaders\Math</Filter>
    </None>
    <None Include="Shaders\SDF\weightBlend.glsl">
      <Filter>Shaders\SDF</Filter>
    </None>
    <None Include="Shaders\SDF\sample3d.glsl">
      <Filter>Shaders\SDF</Filter>
    </None>
    <None Include="Shaders\SDF\sdf0thOrder.glsl">
      <Filter>Shaders\SDF</Filter>
    </None>
    <None Include="Shaders\SDF\sdf1stOrder.glsl">
      <Filter>Shaders\SDF</Filter>
    </None>
    <None Include="Shaders\SDF\sdfProceduralScene.glsl">
      <Filter>Shaders\SDF</Filter>
    </None>
    <None Include="Octree\octree.hpp">
      <Filter>Octree</Filter>
    </None>
    <None Include="Shaders\Math\common.glsl">
      <Filter>Shaders\Math</Filter>
    </None>
    <None Include="Shaders\Octree\octree.glsl">
      <Filter>Shaders\Octree</Filter>
    </None>
    <None Include="Shaders\SDF\sdfOctree.glsl">
      <Filter>Shaders\SDF</Filter>
    </None>
    <None Include="Eigen\Cholesky">
      <Filter>Eigen</Filter>
    </None>
    <None Include="Eigen\CholmodSupport">
      <Filter>Eigen</Filter>
    </None>
    <None Include="Eigen\Core">
      <Filter>Eigen</Filter>
    </None>
    <None Include="Eigen\Dense">
      <Filter>Eigen</Filter>
    </None>
    <None Include="Eigen\Eigen">
      <Filter>Eigen</Filter>
    </None>
    <None Include="Eigen\Eigenvalues">
      <Filter>Eigen</Filter>
    </None>
    <None Include="Eigen\Geometry">
      <Filter>Eigen</Filter>
    </None>
    <None Include="Eigen\Householder">
      <Filter>Eigen</Filter>
    </None>
    <None Include="Eigen\IterativeLinearSolvers">
      <Filter>Eigen</Filter>
    </None>
    <None Include="Eigen\Jacobi">
      <Filter>Eigen</Filter>
    </None>
    <None Include="Eigen\LU">
      <Filter>Eigen</Filter>
    </None>
    <None Include="Eigen\MetisSupport">
      <Filter>Eigen</Filter>
    </None>
    <None Include="Eigen\OrderingMethods">
      <Filter>Eigen</Filter>
    </None>
    <None Include="Eigen\PardisoSupport">
      <Filter>Eigen</Filter>
    </None>
    <None Include="Eigen\PaStiXSupport">
      <Filter>Eigen</Filter>
    </None>
    <None Include="Eigen\QR">
      <Filter>Eigen</Filter>
    </None>
    <None Include="Eigen\QtAlignedMalloc">
      <Filter>Eigen</Filter>
    </None>
    <None Include="Eigen\Sparse">
      <Filter>Eigen</Filter>
    </None>
    <None Include="Eigen\SparseCholesky">
      <Filter>Eigen</Filter>
    </None>
    <None Include="Eigen\SparseCore">
      <Filter>Eigen</Filter>
    </None>
    <None Include="Eigen\SparseLU">
      <Filter>Eigen</Filter>
    </None>
    <None Include="Eigen\SparseQR">
      <Filter>Eigen</Filter>
    </None>
    <None Include="Eigen\SPQRSupport">
      <Filter>Eigen</Filter>
    </None>
    <None Include="Eigen\StdDeque">
      <Filter>Eigen</Filter>
    </None>
    <None Include="Eigen\StdList">
      <Filter>Eigen</Filter>
    </None>
    <None Include="Eigen\StdVector">
      <Filter>Eigen</Filter>
    </None>
    <None Include="Eigen\SuperLUSupport">
      <Filter>Eigen</Filter>
    </None>
    <None Include="Eigen\SVD">
      <Filter>Eigen</Filter>
    </None>
    <None Include="Eigen\UmfPackSupport">
      <Filter>Eigen</Filter>
    </None>
    <None Include="Shaders\Evaluate\sdfDifference.comp">
      <Filter>Shaders\Evaluate</Filter>
    </None>
    <None Include="Shaders\Primitives\plane.vert">
      <Filter>Shaders\Primitives</Filter>
    </None>
    <None Include="Shaders\Primitives\plane.frag">
      <Filter>Shaders\Primitives</Filter>
    </None>
  </ItemGroup>
</Project>